{
  "originHash" : "e2d213180be97b7b93b61b516a9ccd29ce79a1760c9915dacb3b12752767ee04",
  "pins" : [
    {
      "identity" : "capacitor-swift-pm",
      "kind" : "remoteSourceControl",
      "location" : "https://github.com/ionic-team/capacitor-swift-pm.git",
      "state" : {
        "revision" : "2a8cdc9b1b5b5a3adc7a8ed57cb2c7875682f597",
        "version" : "7.6.1"
      }
    },
    {
      "identity" : "ion-ios-filesystem",
      "kind" : "remoteSourceControl",
      "location" : "https://github.com/ionic-team/ion-ios-filesystem.git",
      "state" : {
        "revision" : "0d81e26e828ff9582807e2339112cedf2e0fab85",
        "version" : "1.1.2"
      }
    },
    {
      "identity" : "ion-ios-geolocation",
      "kind" : "remoteSourceControl",
      "location" : "https://github.com/ionic-team/ion-ios-geolocation.git",
      "state" : {
        "revision" : "aa1ff949ea4b3228e58c5b15e56ded4f155f4bc6",
        "version" : "1.0.2"
      }
    }
  ],
  "version" : 3
}
